{
  "nodes": {
    "WPplugins-any-hostname": {
      "flake": false,
      "locked": {
        "lastModified": 1479380876,
        "narHash": "sha256-8JplXrgmPmV57tfh4sDIzA3kApAS6MjR0YVB36xhdxA=",
        "owner": "dessibelle",
        "repo": "any-hostname",
        "rev": "8e9f65bdd4085023849bbbbee81229b0b0d6265c",
        "type": "github"
      },
      "original": {
        "owner": "dessibelle",
        "repo": "any-hostname",
        "type": "github"
      }
    },
    "WPplugins-kubio": {
      "flake": false,
      "locked": {
        "lastModified": 1724869376,
        "narHash": "sha256-Kc7S2ebD9NC3+BhPL0EBfe6cynHrUF/KGFe0zu1pCf0=",
        "type": "tarball",
        "url": "https://downloads.wordpress.org/plugin/kubio.2.3.3.zip"
      },
      "original": {
        "type": "tarball",
        "url": "https://downloads.wordpress.org/plugin/kubio.2.3.3.zip"
      }
    },
    "WPplugins-ldap-login-for-intranet-sites": {
      "flake": false,
      "locked": {
        "lastModified": 1727275422,
        "narHash": "sha256-uOYknoFWRXNH1GMz5lpMR6MRjCJP9Nm+MjVW8onmxew=",
        "type": "tarball",
        "url": "https://downloads.wordpress.org/plugin/ldap-login-for-intranet-sites.5.1.5.zip"
      },
      "original": {
        "type": "tarball",
        "url": "https://downloads.wordpress.org/plugin/ldap-login-for-intranet-sites.5.1.5.zip"
      }
    },
    "WPplugins-media-sync": {
      "flake": false,
      "locked": {
        "lastModified": 1722309666,
        "narHash": "sha256-1yYn/+e/wch6xEd65g6HtcDEryl6fySnEqj9fy+ZC08=",
        "type": "tarball",
        "url": "https://downloads.wordpress.org/plugin/media-sync.1.4.6.zip"
      },
      "original": {
        "type": "tarball",
        "url": "https://downloads.wordpress.org/plugin/media-sync.1.4.6.zip"
      }
    },
    "WPplugins-vertice": {
      "flake": false,
      "locked": {
        "lastModified": 1722357276,
        "narHash": "sha256-iVYhcD8CPn8J3xjISlSzsyK+s5W7KnPU3v6XoAzSUWA=",
        "type": "tarball",
        "url": "https://downloads.wordpress.org/theme/vertice.1.0.25.zip"
      },
      "original": {
        "type": "tarball",
        "url": "https://downloads.wordpress.org/theme/vertice.1.0.25.zip"
      }
    },
    "disko": {
      "inputs": {
        "nixpkgs": [
          "nixpkgs"
        ]
      },
      "locked": {
        "lastModified": 1728334376,
        "narHash": "sha256-CTKEKPzD/j8FK6H4DO3EjyixZd3HHvgAgfnCwpGFP5c=",
        "owner": "nix-community",
        "repo": "disko",
        "rev": "d39ee334984fcdae6244f5a8e6ab857479cbaefe",
        "type": "github"
      },
      "original": {
        "owner": "nix-community",
        "repo": "disko",
        "type": "github"
      }
    },
    "maximizer": {
      "inputs": {
        "nixpkgs": [
          "nixpkgs"
        ]
      },
      "locked": {
        "lastModified": 1726937993,
        "narHash": "sha256-galCVghT3+OOgjWk5x/RtsJ/OHGhCkMbA+c7R6Y0Uos=",
        "owner": "BirdeeHub",
        "repo": "maximizer",
        "rev": "5b268db5d0cd6e55e633c0e4dc1e4a4d99a0cb70",
        "type": "github"
      },
      "original": {
        "owner": "BirdeeHub",
        "repo": "maximizer",
        "type": "github"
      }
    },
    "nixpkgs": {
      "locked": {
        "lastModified": 1728279793,
        "narHash": "sha256-W3D5YpNrUVTFPVU4jiEiboaaUDShaiH5fRl9aJLqUnU=",
        "owner": "nixos",
        "repo": "nixpkgs",
        "rev": "f85a2d005e83542784a755ca8da112f4f65c4aa4",
        "type": "github"
      },
      "original": {
        "owner": "nixos",
        "ref": "nixpkgs-unstable",
        "repo": "nixpkgs",
        "type": "github"
      }
    },
    "root": {
      "inputs": {
        "WPplugins-any-hostname": "WPplugins-any-hostname",
        "WPplugins-kubio": "WPplugins-kubio",
        "WPplugins-ldap-login-for-intranet-sites": "WPplugins-ldap-login-for-intranet-sites",
        "WPplugins-media-sync": "WPplugins-media-sync",
        "WPplugins-vertice": "WPplugins-vertice",
        "disko": "disko",
        "maximizer": "maximizer",
        "nixpkgs": "nixpkgs"
      }
    }
  },
  "root": "root",
  "version": 7
}
