{
  "nodes": {
    "disko": {
      "inputs": {
        "nixpkgs": [
          "nixpkgs"
        ]
      },
      "locked": {
        "lastModified": 1727872461,
        "narHash": "sha256-4Pw3fVhN6xey5+2gUBm9nQJAjBqivffr+a5ZsXYjzJ8=",
        "owner": "nix-community",
        "repo": "disko",
        "rev": "568727a884ae7cd9f266bd19aea655def8cafd78",
        "type": "github"
      },
      "original": {
        "owner": "nix-community",
        "repo": "disko",
        "type": "github"
      }
    },
    "maximizer": {
      "inputs": {
        "nixpkgs": [
          "nixpkgs"
        ]
      },
      "locked": {
        "lastModified": 1726937993,
        "narHash": "sha256-galCVghT3+OOgjWk5x/RtsJ/OHGhCkMbA+c7R6Y0Uos=",
        "owner": "BirdeeHub",
        "repo": "maximizer",
        "rev": "5b268db5d0cd6e55e633c0e4dc1e4a4d99a0cb70",
        "type": "github"
      },
      "original": {
        "owner": "BirdeeHub",
        "repo": "maximizer",
        "type": "github"
      }
    },
    "nixpkgs": {
      "locked": {
        "lastModified": 1727842290,
        "narHash": "sha256-mnH2caarCN4trCgV++t9JtUwbbOGS0hvThdtod2J5Bk=",
        "owner": "nixos",
        "repo": "nixpkgs",
        "rev": "3b266ab4521b8e4144b4c552cba978b0c35ef449",
        "type": "github"
      },
      "original": {
        "owner": "nixos",
        "ref": "nixpkgs-unstable",
        "repo": "nixpkgs",
        "type": "github"
      }
    },
    "root": {
      "inputs": {
        "disko": "disko",
        "maximizer": "maximizer",
        "nixpkgs": "nixpkgs"
      }
    }
  },
  "root": "root",
  "version": 7
}
